GEM
  remote: https://rubygems.org/
  specs:
    action_policy (0.7.5)
      ruby-next-core (>= 1.0)
    action_policy-graphql (0.6.0)
      action_policy (~> 0.7)
      graphql (>= 1.9.3)
      ruby-next-core (~> 1.0)
    action_text-trix (2.1.15)
      railties
    actioncable (8.1.1)
      actionpack (= 8.1.1)
      activesupport (= 8.1.1)
      nio4r (~> 2.0)
      websocket-driver (>= 0.6.1)
      zeitwerk (~> 2.6)
    actionmailbox (8.1.1)
      actionpack (= 8.1.1)
      activejob (= 8.1.1)
      activerecord (= 8.1.1)
      activestorage (= 8.1.1)
      activesupport (= 8.1.1)
      mail (>= 2.8.0)
    actionmailer (8.1.1)
      actionpack (= 8.1.1)
      actionview (= 8.1.1)
      activejob (= 8.1.1)
      activesupport (= 8.1.1)
      mail (>= 2.8.0)
      rails-dom-testing (~> 2.2)
    actionpack (8.1.1)
      actionview (= 8.1.1)
      activesupport (= 8.1.1)
      nokogiri (>= 1.8.5)
      rack (>= 2.2.4)
      rack-session (>= 1.0.1)
      rack-test (>= 0.6.3)
      rails-dom-testing (~> 2.2)
      rails-html-sanitizer (~> 1.6)
      useragent (~> 0.16)
    actiontext (8.1.1)
      action_text-trix (~> 2.1.15)
      actionpack (= 8.1.1)
      activerecord (= 8.1.1)
      activestorage (= 8.1.1)
      activesupport (= 8.1.1)
      globalid (>= 0.6.0)
      nokogiri (>= 1.8.5)
    actionview (8.1.1)
      activesupport (= 8.1.1)
      builder (~> 3.1)
      erubi (~> 1.11)
      rails-dom-testing (~> 2.2)
      rails-html-sanitizer (~> 1.6)
    activejob (8.1.1)
      activesupport (= 8.1.1)
      globalid (>= 0.3.6)
    activemodel (8.1.1)
      activesupport (= 8.1.1)
    activerecord (8.1.1)
      activemodel (= 8.1.1)
      activesupport (= 8.1.1)
      timeout (>= 0.4.0)
    activestorage (8.1.1)
      actionpack (= 8.1.1)
      activejob (= 8.1.1)
      activerecord (= 8.1.1)
      activesupport (= 8.1.1)
      marcel (~> 1.0)
    activesupport (8.1.1)
      base64
      bigdecimal
      concurrent-ruby (~> 1.0, >= 1.3.1)
      connection_pool (>= 2.2.5)
      drb
      i18n (>= 1.6, < 2)
      json
      logger (>= 1.4.2)
      minitest (>= 5.1)
      securerandom (>= 0.3)
      tzinfo (~> 2.0, >= 2.0.5)
      uri (>= 0.13.1)
    addressable (2.8.8)
      public_suffix (>= 2.0.2, < 8.0)
    after_commit_everywhere (1.6.0)
      activerecord (>= 4.2)
      activesupport
    alba (3.10.0)
    anyway_config (2.7.2)
      ruby-next-core (~> 1.0)
    ar_lazy_preload (2.1.0)
    arrayfields (4.9.2)
    ast (2.4.3)
    attractor (2.6.0)
      churn (>= 1.0.4)
      descriptive_statistics
      flog (~> 4.0)
      launchy
      listen (~> 3.0)
      rack-livereload
      sinatra
      thor
      tilt
    awesome_print (1.9.2)
    base64 (0.3.0)
    bcrypt (3.1.20)
    benchmark (0.5.0)
    bigdecimal (3.3.1)
    bindex (0.8.1)
    bootsnap (1.19.0)
      msgpack (~> 1.2)
    brakeman (7.1.1)
      racc
    builder (3.3.0)
    bundler-audit (0.9.3)
      bundler (>= 1.2.0)
      thor (~> 1.0)
    capybara (3.40.0)
      addressable
      matrix
      mini_mime (>= 0.1.3)
      nokogiri (~> 1.11)
      rack (>= 1.6.0)
      rack-test (>= 0.6.3)
      regexp_parser (>= 1.5, < 3.0)
      xpath (~> 3.2)
    childprocess (5.1.0)
      logger (~> 1.5)
    chronic (0.10.2)
    churn (1.0.8)
      chronic (>= 0.2.3)
      hirb
      main
      ruby_parser (~> 3.0)
      sexp_processor (~> 4.1)
    claide (1.1.0)
    claide-plugins (0.9.2)
      cork
      nap
      open4 (~> 1.3)
    colored2 (3.1.2)
    concurrent-ruby (1.3.5)
    connection_pool (2.5.5)
    cork (0.3.0)
      colored2 (~> 3.1)
    crack (1.0.1)
      bigdecimal
      rexml
    crass (1.0.6)
    css_parser (1.21.1)
      addressable
    cuprite (0.17)
      capybara (~> 3.0)
      ferrum (~> 0.17.0)
    danger (9.5.3)
      base64 (~> 0.2)
      claide (~> 1.0)
      claide-plugins (>= 0.9.2)
      colored2 (>= 3.1, < 5)
      cork (~> 0.1)
      faraday (>= 0.9.0, < 3.0)
      faraday-http-cache (~> 2.0)
      git (>= 1.13, < 3.0)
      kramdown (>= 2.5.1, < 3.0)
      kramdown-parser-gfm (~> 1.0)
      octokit (>= 4.0)
      pstore (~> 0.1)
      terminal-table (>= 1, < 5)
    database_validations (1.1.1)
      activerecord (>= 4.2.0)
    date (3.5.0)
    descriptive_statistics (2.5.1)
    devise (4.9.4)
      bcrypt (~> 3.0)
      orm_adapter (~> 0.1)
      railties (>= 4.1.0)
      responders
      warden (~> 1.2.3)
    devise-pwned_password (0.1.12)
      devise (~> 4)
      pwned (~> 2.4)
    diff-lcs (1.6.2)
    discard (1.4.0)
      activerecord (>= 4.2, < 9.0)
    docile (1.4.1)
    drb (2.2.3)
    dry-core (1.1.0)
      concurrent-ruby (~> 1.0)
      logger
      zeitwerk (~> 2.6)
    dry-effects (0.5.0)
      concurrent-ruby (~> 1.0)
      dry-core (~> 1.1)
      dry-inflector (~> 1.1)
      dry-initializer (~> 3.2)
      zeitwerk (~> 2.6)
    dry-inflector (1.2.0)
    dry-initializer (3.2.0)
    dry-monads (1.9.0)
      concurrent-ruby (~> 1.0)
      dry-core (~> 1.1)
      zeitwerk (~> 2.6)
    erb (6.0.0)
    erubi (1.13.1)
    et-orbi (1.4.0)
      tzinfo
    evil-seed (0.7.0)
      activerecord (>= 5.0)
    execjs (2.10.0)
    factory_bot (6.5.6)
      activesupport (>= 6.1.0)
    faktory_worker_ruby (2.1.1)
      connection_pool (~> 2.5)
    faraday (2.14.0)
      faraday-net_http (>= 2.0, < 3.5)
      json
      logger
    faraday-http-cache (2.5.1)
      faraday (>= 0.8)
    faraday-multipart (1.1.1)
      multipart-post (~> 2.0)
    faraday-net_http (3.4.2)
      net-http (~> 0.5)
    faraday-retry (2.3.2)
      faraday (~> 2.0)
    fattr (2.4.0)
    feature_toggles (1.2.1)
    ferrum (0.17.1)
      addressable (~> 2.5)
      base64 (~> 0.2)
      concurrent-ruby (~> 1.1)
      webrick (~> 1.7)
      websocket-driver (~> 0.7)
    ffi (1.17.2)
    ffi (1.17.2-aarch64-linux-gnu)
    ffi (1.17.2-aarch64-linux-musl)
    ffi (1.17.2-arm-linux-gnu)
    ffi (1.17.2-arm-linux-musl)
    ffi (1.17.2-arm64-darwin)
    ffi (1.17.2-x86_64-darwin)
    ffi (1.17.2-x86_64-linux-gnu)
    ffi (1.17.2-x86_64-linux-musl)
    fiber-storage (1.0.1)
    flog (4.8.0)
      path_expander (~> 1.0)
      ruby_parser (~> 3.1, > 3.1.0)
      sexp_processor (~> 4.8)
    fugit (1.12.1)
      et-orbi (~> 1.4)
      raabro (~> 1.4)
    fuubar (2.5.1)
      rspec-core (~> 3.0)
      ruby-progressbar (~> 1.4)
    fx (0.9.0)
      activerecord (>= 7.0)
      railties (>= 7.0)
    git (2.3.3)
      activesupport (>= 5.0)
      addressable (~> 2.8)
      process_executer (~> 1.1)
      rchardet (~> 1.8)
    globalid (1.3.0)
      activesupport (>= 6.1)
    graphql (2.5.14)
      base64
      fiber-storage
      logger
    graphql-connections (1.4.0)
      activerecord (>= 5)
      graphql (>= 1.10, < 3.0)
    graphql-fragment_cache (1.22.2)
      graphql (>= 2.1.4)
    graphql-persisted_queries (2.0.0)
      base64
      graphql (>= 2.0)
    grit (2.5.0)
      diff-lcs (~> 1.1)
      mime-types (~> 1.15)
      posix-spawn (~> 0.3.6)
    groupdate (6.7.0)
      activesupport (>= 7.1)
    haml (7.0.2)
      temple (>= 0.8.2)
      thor
      tilt
    hashdiff (1.2.1)
    hirb (0.7.3)
    htmlbeautifier (1.4.3)
    htmlentities (4.3.4)
    i18n (1.14.7)
      concurrent-ruby (~> 1.0)
    imgproxy (3.0.0)
      anyway_config (~> 2.6)
    io-console (0.8.1)
    irb (1.15.3)
      pp (>= 0.6.0)
      rdoc (>= 4.0.0)
      reline (>= 0.4.2)
    isolator (1.2.0)
      sniffer (>= 0.5.0)
    jbuilder (2.14.1)
      actionview (>= 7.0.0)
      activesupport (>= 7.0.0)
    json (2.17.1)
    jwt (2.10.2)
      base64
    jwt_sessions (3.2.4)
      jwt (>= 2.9, < 3)
    karo (2.3.0)
      awesome_print
      grit
      thor
    kramdown (2.5.1)
      rexml (>= 3.3.9)
    kramdown-parser-gfm (1.1.0)
      kramdown (~> 2.0)
    language_server-protocol (3.17.0.5)
    launchy (3.1.1)
      addressable (~> 2.8)
      childprocess (~> 5.0)
      logger (~> 1.6)
    lint_roller (1.1.0)
    listen (3.9.0)
      rb-fsevent (~> 0.10, >= 0.10.3)
      rb-inotify (~> 0.9, >= 0.9.10)
    logger (1.7.0)
    lograge (0.14.0)
      actionpack (>= 4)
      activesupport (>= 4)
      railties (>= 4)
      request_store (~> 1.0)
    loofah (2.24.1)
      crass (~> 1.0.2)
      nokogiri (>= 1.12.0)
    lookbook (2.3.13)
      activemodel
      css_parser
      htmlbeautifier (~> 1.3)
      htmlentities (~> 4.3.4)
      marcel (~> 1.0)
      railties (>= 5.0)
      redcarpet (~> 3.5)
      rouge (>= 3.26, < 5.0)
      view_component (>= 2.0)
      yard (~> 0.9)
      zeitwerk (~> 2.5)
    mail (2.9.0)
      logger
      mini_mime (>= 0.1.1)
      net-imap
      net-pop
      net-smtp
    main (6.4.0)
      arrayfields (~> 4.9, >= 4.9.2)
      chronic (~> 0.10, >= 0.10.2)
      fattr (~> 2.4, >= 2.4.0)
      map (~> 6.6, >= 6.6.0)
    map (6.6.0)
    marcel (1.1.0)
    matrix (0.4.3)
    mime-types (1.25.1)
    mini_mime (1.1.5)
    mini_portile2 (2.8.9)
    minitest (5.26.2)
    msgpack (1.8.0)
    multipart-post (2.4.1)
    mustermann (3.0.4)
      ruby2_keywords (~> 0.0.1)
    n_plus_one_control (0.7.2)
    nap (1.1.0)
    net-http (0.8.0)
      uri (>= 0.11.1)
    net-imap (0.5.12)
      date
      net-protocol
    net-pop (0.1.2)
      net-protocol
    net-protocol (0.2.2)
      timeout
    net-smtp (0.5.1)
      net-protocol
    next_rails (1.4.6)
      rainbow (>= 3)
    nio4r (2.7.5)
    nokogiri (1.18.10)
      mini_portile2 (~> 2.8.2)
      racc (~> 1.4)
    nokogiri (1.18.10-aarch64-linux-gnu)
      racc (~> 1.4)
    nokogiri (1.18.10-aarch64-linux-musl)
      racc (~> 1.4)
    nokogiri (1.18.10-arm-linux-gnu)
      racc (~> 1.4)
    nokogiri (1.18.10-arm-linux-musl)
      racc (~> 1.4)
    nokogiri (1.18.10-arm64-darwin)
      racc (~> 1.4)
    nokogiri (1.18.10-x86_64-darwin)
      racc (~> 1.4)
    nokogiri (1.18.10-x86_64-linux-gnu)
      racc (~> 1.4)
    nokogiri (1.18.10-x86_64-linux-musl)
      racc (~> 1.4)
    octokit (10.0.0)
      faraday (>= 1, < 3)
      sawyer (~> 0.9)
    oj (3.16.13)
      bigdecimal (>= 3.0)
      ostruct (>= 0.2)
    open4 (1.3.4)
    orm_adapter (0.5.0)
    ostruct (0.6.3)
    panko_serializer (0.8.4)
      activesupport
      oj (> 3.11.0, < 4.0.0)
    parallel (1.27.0)
    parser (3.3.10.0)
      ast (~> 2.4.1)
      racc
    password_blocklist (0.5.0)
    pastel (0.8.0)
      tty-color (~> 0.5)
    path_expander (1.1.3)
    posix-spawn (0.3.15)
    pp (0.6.3)
      prettyprint
    premailer (1.27.0)
      addressable
      css_parser (>= 1.19.0)
      htmlentities (>= 4.0.0)
    premailer-rails (1.12.0)
      actionmailer (>= 3)
      net-smtp
      premailer (~> 1.7, >= 1.7.9)
    prettyprint (0.2.0)
    prism (1.6.0)
    process_executer (1.3.0)
    pstore (0.2.0)
    psych (5.2.6)
      date
      stringio
    public_suffix (7.0.0)
    puma (7.1.0)
      nio4r (~> 2.0)
    pwned (2.4.1)
    raabro (1.4.0)
    racc (1.8.1)
    rack (3.2.4)
    rack-livereload (0.5.1)
      rack
    rack-mini-profiler (4.0.1)
      rack (>= 1.2.0)
    rack-protection (4.2.1)
      base64 (>= 0.1.0)
      logger (>= 1.6.0)
      rack (>= 3.0.0, < 4)
    rack-session (2.1.1)
      base64 (>= 0.1.0)
      rack (>= 3.0.0)
    rack-test (2.2.0)
      rack (>= 1.3)
    rackup (2.3.1)
      rack (>= 3)
    rails (8.1.1)
      actioncable (= 8.1.1)
      actionmailbox (= 8.1.1)
      actionmailer (= 8.1.1)
      actionpack (= 8.1.1)
      actiontext (= 8.1.1)
      actionview (= 8.1.1)
      activejob (= 8.1.1)
      activemodel (= 8.1.1)
      activerecord (= 8.1.1)
      activestorage (= 8.1.1)
      activesupport (= 8.1.1)
      bundler (>= 1.15.0)
      railties (= 8.1.1)
    rails-dom-testing (2.3.0)
      activesupport (>= 5.0.0)
      minitest
      nokogiri (>= 1.6)
    rails-html-sanitizer (1.6.2)
      loofah (~> 2.21)
      nokogiri (>= 1.15.7, != 1.16.7, != 1.16.6, != 1.16.5, != 1.16.4, != 1.16.3, != 1.16.2, != 1.16.1, != 1.16.0.rc1, != 1.16.0)
    railties (8.1.1)
      actionpack (= 8.1.1)
      activesupport (= 8.1.1)
      irb (~> 1.13)
      rackup (>= 1.0.0)
      rake (>= 12.2)
      thor (~> 1.0, >= 1.2.2)
      tsort (>= 0.2)
      zeitwerk (~> 2.6)
    rainbow (3.1.1)
    rake (13.3.1)
    rb-fsevent (0.11.2)
    rb-inotify (0.11.1)
      ffi (~> 1.0)
    rchardet (1.10.0)
    rdoc (6.17.0)
      erb
      psych (>= 4.0.0)
      tsort
    redcarpet (3.6.1)
    redis (5.4.1)
      redis-client (>= 0.22.0)
    redis-classy (2.4.1)
      redis-namespace (~> 1.0)
    redis-client (0.26.2)
      connection_pool
    redis-mutex (4.0.2)
      redis-classy (~> 2.0)
    redis-namespace (1.11.0)
      redis (>= 4)
    redlock (2.0.6)
      redis-client (>= 0.14.1, < 1.0.0)
    regexp_parser (2.11.3)
    reline (0.6.3)
      io-console (~> 0.5)
    request_store (1.7.0)
      rack (>= 1.4)
    responders (3.2.0)
      actionpack (>= 7.0)
      railties (>= 7.0)
    retriable (3.1.2)
    rexml (3.4.4)
    roda (3.98.0)
      rack
    rodauth (2.41.0)
      roda (>= 2.6.0)
      sequel (>= 4)
    rouge (4.6.1)
    rspec-core (3.13.6)
      rspec-support (~> 3.13.0)
    rspec-support (3.13.6)
    rubocop (1.81.7)
      json (~> 2.3)
      language_server-protocol (~> 3.17.0.2)
      lint_roller (~> 1.1.0)
      parallel (~> 1.10)
      parser (>= 3.3.0.2)
      rainbow (>= 2.2.2, < 4.0)
      regexp_parser (>= 2.9.3, < 3.0)
      rubocop-ast (>= 1.47.1, < 2.0)
      ruby-progressbar (~> 1.7)
      unicode-display_width (>= 2.4.0, < 4.0)
    rubocop-ast (1.48.0)
      parser (>= 3.3.7.2)
      prism (~> 1.4)
    rubocop-performance (1.25.0)
      lint_roller (~> 1.1)
      rubocop (>= 1.75.0, < 2.0)
      rubocop-ast (>= 1.38.0, < 2.0)
    rubocop-rails (2.34.2)
      activesupport (>= 4.2.0)
      lint_roller (~> 1.1)
      rack (>= 1.1)
      rubocop (>= 1.75.0, < 2.0)
      rubocop-ast (>= 1.44.0, < 2.0)
    rubocop-rspec (3.8.0)
      lint_roller (~> 1.1)
      rubocop (~> 1.81)
    ruby-next-core (1.1.2)
    ruby-progressbar (1.13.0)
    ruby2_keywords (0.0.5)
    ruby_audit (3.0.0)
      bundler-audit (~> 0.9.0)
    ruby_parser (3.21.1)
      racc (~> 1.5)
      sexp_processor (~> 4.16)
    rubyzip (3.2.2)
    rufus-scheduler (3.9.2)
      fugit (~> 1.1, >= 1.11.1)
    sassc (2.4.0)
      ffi (~> 1.9)
    sassc-rails (2.1.2)
      railties (>= 4.0.0)
      sassc (>= 2.0)
      sprockets (> 3.0)
      sprockets-rails
      tilt
    sawyer (0.9.3)
      addressable (>= 2.3.5)
      faraday (>= 0.17.3, < 3)
    scenic (1.9.0)
      activerecord (>= 4.0.0)
      railties (>= 4.0.0)
    schked (1.3.1)
      connection_pool (~> 2.0)
      redlock (> 1.0, < 3.0)
      rufus-scheduler (~> 3.0)
      thor
    securerandom (0.4.1)
    selenium-webdriver (4.39.0)
      base64 (~> 0.2)
      logger (~> 1.4)
      rexml (~> 3.2, >= 3.2.5)
      rubyzip (>= 1.2.2, < 4.0)
      websocket (~> 1.0)
    sequel (5.99.0)
      bigdecimal
    sexp_processor (4.17.4)
    sidekiq (8.0.10)
      connection_pool (>= 2.5.0)
      json (>= 2.9.0)
      logger (>= 1.6.2)
      rack (>= 3.1.0)
      redis-client (>= 0.23.2)
    sidekiq-grouping (1.3.0)
      activesupport
      concurrent-ruby
      sidekiq (>= 3.4.2)
    sidekiq-limit_fetch (4.4.1)
      sidekiq (>= 6)
    simplecov (0.22.0)
      docile (~> 1.1)
      simplecov-html (~> 0.11)
      simplecov_json_formatter (~> 0.1)
    simplecov-html (0.13.2)
    simplecov_json_formatter (0.1.4)
    sinatra (4.2.1)
      logger (>= 1.6.0)
      mustermann (~> 3.0)
      rack (>= 3.0.0, < 4)
      rack-protection (= 4.2.1)
      rack-session (>= 2.0.0, < 3)
      tilt (~> 2.0)
    site_prism (5.1)
      addressable (~> 2.8, >= 2.8.4)
      capybara (~> 3.34)
      site_prism-all_there (> 3, < 5)
    site_prism-all_there (3.0.7)
    slim (5.2.1)
      temple (~> 0.10.0)
      tilt (>= 2.1.0)
    sniffer (0.5.0)
      anyway_config (>= 1.0)
      dry-initializer (~> 3)
    spektr (0.4.1)
      erubi
      haml
      parser (>= 2.6.0)
      pastel
      ruby_parser (>= 3.0)
      slim
      tty-color
      tty-option
      tty-spinner
      tty-table
      zeitwerk (>= 2.6)
    spring (4.4.0)
    sprockets (4.2.2)
      concurrent-ruby (~> 1.0)
      logger
      rack (>= 2.2.4, < 4)
    sprockets-rails (3.5.2)
      actionpack (>= 6.1)
      activesupport (>= 6.1)
      sprockets (>= 3.0.0)
    sqlite3 (2.8.1)
      mini_portile2 (~> 2.8.0)
    sqlite3 (2.8.1-aarch64-linux-gnu)
    sqlite3 (2.8.1-aarch64-linux-musl)
    sqlite3 (2.8.1-arm-linux-gnu)
    sqlite3 (2.8.1-arm-linux-musl)
    sqlite3 (2.8.1-arm64-darwin)
    sqlite3 (2.8.1-x86_64-darwin)
    sqlite3 (2.8.1-x86_64-linux-gnu)
    sqlite3 (2.8.1-x86_64-linux-musl)
    stackprof (0.2.27)
    standard (1.52.0)
      language_server-protocol (~> 3.17.0.2)
      lint_roller (~> 1.0)
      rubocop (~> 1.81.7)
      standard-custom (~> 1.0.0)
      standard-performance (~> 1.8)
    standard-custom (1.0.2)
      lint_roller (~> 1.0)
      rubocop (~> 1.50)
    standard-performance (1.8.0)
      lint_roller (~> 1.1)
      rubocop-performance (~> 1.25.0)
    store_attribute (2.0.1)
      activerecord (>= 6.1)
    store_model (4.3.0)
      activerecord (>= 7.0)
    stringio (3.1.9)
    strings (0.2.1)
      strings-ansi (~> 0.2)
      unicode-display_width (>= 1.5, < 3.0)
      unicode_utils (~> 1.4)
    strings-ansi (0.2.0)
    strong_migrations (2.5.1)
      activerecord (>= 7.1)
    strong_password (0.0.10)
    temple (0.10.4)
    terminal-table (4.0.0)
      unicode-display_width (>= 1.1.1, < 4)
    terser (1.2.6)
      execjs (>= 0.3.0, < 3)
    thor (1.4.0)
    tilt (2.6.1)
    timeout (0.5.0)
    tsort (0.2.0)
    tty-color (0.6.0)
    tty-cursor (0.7.1)
    tty-option (0.3.0)
    tty-screen (0.8.2)
    tty-spinner (0.9.3)
      tty-cursor (~> 0.7)
    tty-table (0.12.0)
      pastel (~> 0.8)
      strings (~> 0.2.0)
      tty-screen (~> 0.8)
    turbo-rails (2.0.20)
      actionpack (>= 7.1.0)
      railties (>= 7.1.0)
    turbolinks (5.2.1)
      turbolinks-source (~> 5.2)
    turbolinks-source (5.2.0)
    tzinfo (2.0.6)
      concurrent-ruby (~> 1.0)
    unicode-display_width (2.6.0)
    unicode_utils (1.4.0)
    uri (1.1.1)
    useragent (0.16.11)
    vcr (6.3.1)
      base64
    view_component (4.1.1)
      actionview (>= 7.1.0, < 8.2)
      activesupport (>= 7.1.0, < 8.2)
      concurrent-ruby (~> 1)
    view_component-contrib (0.2.5)
      ruby-next-core (>= 0.15.0)
      view_component
    warden (1.2.9)
      rack (>= 2.0.9)
    web-console (4.2.1)
      actionview (>= 6.0.0)
      activemodel (>= 6.0.0)
      bindex (>= 0.4.0)
      railties (>= 6.0.0)
    webmock (3.26.1)
      addressable (>= 2.8.0)
      crack (>= 0.3.2)
      hashdiff (>= 0.4.0, < 2.0.0)
    webrick (1.9.2)
    websocket (1.2.11)
    websocket-driver (0.8.0)
      base64
      websocket-extensions (>= 0.1.0)
    websocket-extensions (0.1.5)
    with_model (2.2.0)
      activerecord (>= 7.0)
    xpath (3.2.0)
      nokogiri (~> 1.8)
    yabeda (0.14.0)
      anyway_config (>= 1.0, < 3)
      concurrent-ruby
      dry-initializer
    yabeda-puma-plugin (0.9.0)
      json
      puma
      yabeda (~> 0.5)
    yabeda-sidekiq (0.12.0)
      anyway_config (>= 1.3, < 3)
      sidekiq
      yabeda (~> 0.6)
    yard (0.9.38)
    zeitwerk (2.7.3)
    zonebie (0.6.1)

PLATFORMS
  aarch64-linux-gnu
  aarch64-linux-musl
  arm-linux-gnu
  arm-linux-musl
  arm64-darwin
  ruby
  universal-darwin
  x86_64-darwin
  x86_64-linux
  x86_64-linux-gnu
  x86_64-linux-musl

DEPENDENCIES
  action_policy
  action_policy-graphql
  after_commit_everywhere
  alba
  anyway_config
  ar_lazy_preload
  attractor
  benchmark
  bootsnap
  brakeman
  bundler-audit
  capybara
  cuprite
  danger
  database_validations
  devise
  devise-pwned_password
  discard
  dry-effects
  dry-initializer
  dry-monads
  evil-seed
  factory_bot
  faktory_worker_ruby
  faraday-multipart
  faraday-retry
  feature_toggles
  fuubar
  fx
  graphql
  graphql-connections
  graphql-fragment_cache
  graphql-persisted_queries
  groupdate
  imgproxy
  isolator
  jbuilder
  jwt_sessions
  karo
  listen
  lograge
  lookbook
  n_plus_one_control
  next_rails
  oj
  panko_serializer
  password_blocklist
  premailer-rails
  pstore
  puma
  pwned
  rack-mini-profiler
  rails (= 8.1.1)
  redis-mutex
  retriable
  rodauth
  rubocop-rails
  rubocop-rspec
  ruby_audit
  sassc-rails
  scenic
  schked
  selenium-webdriver
  sidekiq
  sidekiq-grouping
  sidekiq-limit_fetch
  simplecov
  sinatra
  site_prism
  spektr
  spring
  sqlite3
  stackprof
  standard
  store_attribute
  store_model
  strong_migrations
  strong_password
  terser
  turbo-rails
  turbolinks
  tzinfo-data
  vcr
  view_component
  view_component-contrib
  web-console
  webmock
  with_model
  yabeda-puma-plugin
  yabeda-sidekiq
  zonebie

CHECKSUMS
  action_policy (0.7.5) sha256=1bf6a09895de2d09113f53690ce00ac0c7626ba48f0039a0e43e4e6ec149d9a2
  action_policy-graphql (0.6.0) sha256=5276ad62923f82a7968c3c911501c9bf138f08fdd18718ff3da4349fcc4832c6
  action_text-trix (2.1.15) sha256=4bf9bbd8fa95954de3f0022dae0d927bce22c1bb31d5dc9c3766f8c145c109c1
  actioncable (8.1.1) sha256=7262307e9693f09b299e281590110ce4b6ba7e4e4cee6da4b9d987eaf56f9139
  actionmailbox (8.1.1) sha256=aa99703a9b2fa32c5a4a93bb21fef79e2935d8db4d1fd5ef0772847be5d43205
  actionmailer (8.1.1) sha256=45755d7d4561363490ae82b17a5919bdef4dfe3bb400831819947c3a1d82afdf
  actionpack (8.1.1) sha256=192e27c39a63c7d801ac7b6d50505f265e389516985eed9b2ee364896a6a06d7
  actiontext (8.1.1) sha256=fd8d8da1e6bc0b04ff72fccfd127e78431238a99a82e736c7b52727c576a7640
  actionview (8.1.1) sha256=ca480c8b099dea0862b0934f24182b84c2d29092e7dbf464fb3e6d4eb9b468dc
  activejob (8.1.1) sha256=94f438a9f3b5a6b130fef53d8313f869dbd379309e7d639891bda36b12509383
  activemodel (8.1.1) sha256=8b7e2496b9e333ced06248c16a43217b950192c98e0fe3aa117eee21501c6fbd
  activerecord (8.1.1) sha256=e32c3a03e364fd803498eb4150c21bedc995aa83bc27122a94d480ab1dcb3d17
  activestorage (8.1.1) sha256=bc01d8b4c55e309a0a2e218bfe502c382c9f232e28b1f4b0adc9d8719d2bf28d
  activesupport (8.1.1) sha256=5e92534e8d0c8b8b5e6b16789c69dbea65c1d7b752269f71a39422e9546cea67
  addressable (2.8.8) sha256=7c13b8f9536cf6364c03b9d417c19986019e28f7c00ac8132da4eb0fe393b057
  after_commit_everywhere (1.6.0) sha256=c8b3409a1172e43070d2e57f4b9d7b89dce5a7f057576b748cb9fe0a0dd4d917
  alba (3.10.0) sha256=52769d2328da35c4f1bbcfe96b3931b9c8595667307a902573868b1cf6d65d79
  anyway_config (2.7.2) sha256=30f6b087c0b41afdd43fe46c81d65a16f052a8489dab453abaeb4ea67aa74bad
  ar_lazy_preload (2.1.0) sha256=03effc2aac5aef2a1be8ff3ed4bb60f4e92e57f192dde61750bd8ea2131ad517
  arrayfields (4.9.2) sha256=1593f0bac948e24aa5e5099b7994b0fb5da69b6f29a82804ccf496bc125de4ab
  ast (2.4.3) sha256=954615157c1d6a382bc27d690d973195e79db7f55e9765ac7c481c60bdb4d383
  attractor (2.6.0) sha256=2b71691d0d8000ce96bbe7379a4ed62b0a12d07cedffcfd1a561ed9e5668852e
  awesome_print (1.9.2) sha256=e99b32b704acff16d768b3468680793ced40bfdc4537eb07e06a4be11133786e
  base64 (0.3.0) sha256=27337aeabad6ffae05c265c450490628ef3ebd4b67be58257393227588f5a97b
  bcrypt (3.1.20) sha256=8410f8c7b3ed54a3c00cd2456bf13917d695117f033218e2483b2e40b0784099
  benchmark (0.5.0) sha256=465df122341aedcb81a2a24b4d3bd19b6c67c1530713fd533f3ff034e419236c
  bigdecimal (3.3.1) sha256=eaa01e228be54c4f9f53bf3cc34fe3d5e845c31963e7fcc5bedb05a4e7d52218
  bindex (0.8.1) sha256=7b1ecc9dc539ed8bccfc8cb4d2732046227b09d6f37582ff12e50a5047ceb17e
  bootsnap (1.19.0) sha256=d3e54558c1a9ea10cb095eb1eb8e921ae83fd4d5764b8809f63aec18ce9f60b5
  brakeman (7.1.1) sha256=629426b5d6496c75e3ffa2299e1ab1bb3ba721fea03d8808414c083660439498
  builder (3.3.0) sha256=497918d2f9dca528fdca4b88d84e4ef4387256d984b8154e9d5d3fe5a9c8835f
  bundler-audit (0.9.3) sha256=81c8766c71e47d0d28a0f98c7eed028539f21a6ea3cd8f685eb6f42333c9b4e9
  capybara (3.40.0) sha256=42dba720578ea1ca65fd7a41d163dd368502c191804558f6e0f71b391054aeef
  childprocess (5.1.0) sha256=9a8d484be2fd4096a0e90a0cd3e449a05bc3aa33f8ac9e4d6dcef6ac1455b6ec
  chronic (0.10.2) sha256=766f2fcce6ac3cc152249ed0f2b827770d3e517e2e87c5fba7ed74f4889d2dc3
  churn (1.0.8) sha256=753861a1d46f7c30cd9dcaab90dc05e0493247b721966a1eb086674b6e27cfbc
  claide (1.1.0) sha256=6d3c5c089dde904d96aa30e73306d0d4bd444b1accb9b3125ce14a3c0183f82e
  claide-plugins (0.9.2) sha256=c7ea78bc067ab23bce8515497cdcdcb8f01c86dadfbe13c44644e382922c1c2e
  colored2 (3.1.2) sha256=b13c2bd7eeae2cf7356a62501d398e72fde78780bd26aec6a979578293c28b4a
  concurrent-ruby (1.3.5) sha256=813b3e37aca6df2a21a3b9f1d497f8cbab24a2b94cab325bffe65ee0f6cbebc6
  connection_pool (2.5.5) sha256=e54ff92855753df1fd7c59fa04a398833355f27dd14c074f8c83a05f72a716ad
  cork (0.3.0) sha256=a0a0ac50e262f8514d1abe0a14e95e71c98b24e3378690e5d044daf0013ad4bc
  crack (1.0.1) sha256=ff4a10390cd31d66440b7524eb1841874db86201d5b70032028553130b6d4c7e
  crass (1.0.6) sha256=dc516022a56e7b3b156099abc81b6d2b08ea1ed12676ac7a5657617f012bd45d
  css_parser (1.21.1) sha256=6cfd3ffc0a97333b39d2b1b49c95397b05e0e3b684d68f77ec471ba4ec2ef7c7
  cuprite (0.17) sha256=b140d5dc70d08b97ad54bcf45cd95d0bd430e291e9dffe76fff851fddd57c12b
  danger (9.5.3) sha256=d1dc33cdebd20651f06b55dbdd249e6346ad21b2a908baef6af6b22ba43aaa36
  database_validations (1.1.1) sha256=7b2155827506d2e55555050691b6726445b489e82ca51237f18151678c06600a
  date (3.5.0) sha256=5e74fd6c04b0e65d97ad4f3bb5cb2d8efb37f386cc848f46310b4593ffc46ee5
  descriptive_statistics (2.5.1) sha256=1b8f9a38ca9554bd791d053c265d364ed7abebd10f7aeb7d2b04c8bda0db29fb
  devise (4.9.4) sha256=920042fe5e704c548aa4eb65ebdd65980b83ffae67feb32c697206bfd975a7f8
  devise-pwned_password (0.1.12) sha256=876452466634560a79910a1f22ef467f656e95e746c77d8266d70345b2279672
  diff-lcs (1.6.2) sha256=9ae0d2cba7d4df3075fe8cd8602a8604993efc0dfa934cff568969efb1909962
  discard (1.4.0) sha256=6efcd2a53ddf96781f81b825d398f1c88ab88c0faa84e131bea6e16ef95d65d0
  docile (1.4.1) sha256=96159be799bfa73cdb721b840e9802126e4e03dfc26863db73647204c727f21e
  drb (2.2.3) sha256=0b00d6fdb50995fe4a45dea13663493c841112e4068656854646f418fda13373
  dry-core (1.1.0) sha256=0903821a9707649a7da545a2cd88e20f3a663ab1c5288abd7f914fa7751ab195
  dry-effects (0.5.0) sha256=d5c541e1d64d87ed8ef081e385cea763bbe9ea4c1b11963b6ea43eb40aa69c12
  dry-inflector (1.2.0) sha256=22f5d0b50fd57074ae57e2ca17e3b300e57564c218269dcf82ff3e42d3f38f2e
  dry-initializer (3.2.0) sha256=37d59798f912dc0a1efe14a4db4a9306989007b302dcd5f25d0a2a20c166c4e3
  dry-monads (1.9.0) sha256=9348a67b5c862c7a876342dbd94737fdf3fb3c17978382cf6801a85b27215816
  erb (6.0.0) sha256=2730893f9d8c9733f16cab315a4e4b71c1afa9cabc1a1e7ad1403feba8f52579
  erubi (1.13.1) sha256=a082103b0885dbc5ecf1172fede897f9ebdb745a4b97a5e8dc63953db1ee4ad9
  et-orbi (1.4.0) sha256=6c7e3c90779821f9e3b324c5e96fda9767f72995d6ae435b96678a4f3e2de8bc
  evil-seed (0.7.0) sha256=55466d4a690aee82283e23acdf2c700d27264ed8f93f947338e8103c76e27747
  execjs (2.10.0) sha256=6bcb8be8f0052ff9d370b65d1c080f2406656e150452a0abdb185a133048450d
  factory_bot (6.5.6) sha256=12beb373214dccc086a7a63763d6718c49769d5606f0501e0a4442676917e077
  faktory_worker_ruby (2.1.1) sha256=09773d04b8691c8d532c01d4eca8580354f95ad7337523b49b4accb1ab30b290
  faraday (2.14.0) sha256=8699cfe5d97e55268f2596f9a9d5a43736808a943714e3d9a53e6110593941cd
  faraday-http-cache (2.5.1) sha256=cbfc129a85e1ad8580130189832cf59e7e117d94fe277547d61fc531f7689483
  faraday-multipart (1.1.1) sha256=77a18ff40149030fd1aef55bb4fc7a67ce46419a8a3fcd010e28c2526e8d8903
  faraday-net_http (3.4.2) sha256=f147758260d3526939bf57ecf911682f94926a3666502e24c69992765875906c
  faraday-retry (2.3.2) sha256=2402d2029032ebd238a2046221e67f6ef0da78c5a8ce8cd4f8b9c62e4d6451d1
  fattr (2.4.0) sha256=a7544665977e6ff2945e204436f3b8e932edf8ed3d7174d5d027a265e328fc08
  feature_toggles (1.2.1) sha256=e679ed419322417bcdca0b948235fa0814adaa496adfbba66c0a685fbf64414f
  ferrum (0.17.1) sha256=51d591120fc593e5a13b5d9d6474389f5145bb92a91e36eab147b5d096c8cbe7
  ffi (1.17.2) sha256=297235842e5947cc3036ebe64077584bff583cd7a4e94e9a02fdec399ef46da6
  ffi (1.17.2-aarch64-linux-gnu) sha256=c910bd3cae70b76690418cce4572b7f6c208d271f323d692a067d59116211a1a
  ffi (1.17.2-aarch64-linux-musl) sha256=69e6556b091d45df83e6c3b19d3c54177c206910965155a6ec98de5e893c7b7c
  ffi (1.17.2-arm-linux-gnu) sha256=d4a438f2b40224ae42ec72f293b3ebe0ba2159f7d1bd47f8417e6af2f68dbaa5
  ffi (1.17.2-arm-linux-musl) sha256=977dfb7f3a6381206dbda9bc441d9e1f9366bf189a634559c3b7c182c497aaa3
  ffi (1.17.2-arm64-darwin) sha256=54dd9789be1d30157782b8de42d8f887a3c3c345293b57ffb6b45b4d1165f813
  ffi (1.17.2-x86_64-darwin) sha256=981f2d4e32ea03712beb26e55e972797c2c5a7b0257955d8667ba58f2da6440e
  ffi (1.17.2-x86_64-linux-gnu) sha256=05d2026fc9dbb7cfd21a5934559f16293815b7ce0314846fee2ac8efbdb823ea
  ffi (1.17.2-x86_64-linux-musl) sha256=97c0eb3981414309285a64dc4d466bd149e981c279a56371ef811395d68cb95c
  fiber-storage (1.0.1) sha256=f48e5b6d8b0be96dac486332b55cee82240057065dc761c1ea692b2e719240e1
  flog (4.8.0) sha256=e04d0fc334175d00d765ddfb7b631ae3df39ed7f80f28aad8f72b996927fa2e4
  fugit (1.12.1) sha256=5898f478ede9b415f0804e42b8f3fd53f814bd85eebffceebdbc34e1107aaf68
  fuubar (2.5.1) sha256=b272a7804b282661c7fab583a3764f92543cb482c365ae39c685cd218fdd4880
  fx (0.9.0) sha256=9197b8ab2f7814da17d137cd98eb7a72706d7ab87aacf803237ed014baa06d0a
  git (2.3.3) sha256=2e154f5f905185265cdd6836556e9ae79d1730d0b4572bf537f6bfbfbf7770e5
  globalid (1.3.0) sha256=05c639ad6eb4594522a0b07983022f04aa7254626ab69445a0e493aa3786ff11
  graphql (2.5.14) sha256=c52612e17477517c369411abca26ddb593994e03a64cad5788bbd498baddea63
  graphql-connections (1.4.0) sha256=3ba170f009c25d326d68d7bce7474c5d4a1ac334c19ebb8ea5633df36ba7d164
  graphql-fragment_cache (1.22.2) sha256=80ae0e3dc4cea43a231a92bb4c0f81cc9e94b806bf52fe32cefdba0ad0468403
  graphql-persisted_queries (2.0.0) sha256=89c43df31ea95cfe6db52bcae3bb8a7af5ddf422440b352c0ba7682cda8fe4c3
  grit (2.5.0) sha256=0f6ec625d098706183d7f92f06fd8b44f1271084cff308bbee53cf1b1c5391c8
  groupdate (6.7.0) sha256=beaa8d5bf3856814681914a1d4a20e77436a2214b85d0017dc2ea5c355fb6777
  haml (7.0.2) sha256=c5b47858dddf533c182f5e80d00fa1768c8b01708611de8e20418a50720c03aa
  hashdiff (1.2.1) sha256=9c079dbc513dfc8833ab59c0c2d8f230fa28499cc5efb4b8dd276cf931457cd1
  hirb (0.7.3) sha256=5132733ca44b1f41f36c624693a3201284368a349dfe37f543ae6e2ad880ec57
  htmlbeautifier (1.4.3) sha256=b43d08f7e2aa6ae1b5a6f0607b4ed8954c8d4a8e85fd2336f975dda1e4db385b
  htmlentities (4.3.4) sha256=125a73c6c9f2d1b62100b7c3c401e3624441b663762afa7fe428476435a673da
  i18n (1.14.7) sha256=ceba573f8138ff2c0915427f1fc5bdf4aa3ab8ae88c8ce255eb3ecf0a11a5d0f
  imgproxy (3.0.0) sha256=970e93abeb9c652fe6ebf2569d7a0b3bbc49a83df8393bef5a9da0c9fe66eb0b
  io-console (0.8.1) sha256=1e15440a6b2f67b6ea496df7c474ed62c860ad11237f29b3bd187f054b925fcb
  irb (1.15.3) sha256=4349edff1efa7ff7bfd34cb9df74a133a588ba88c2718098b3b4468b81184aaa
  isolator (1.2.0) sha256=95ee425977ee496b0e21dddaa9c5edf0ec6cb228c10bb2648d144ef7db9e4da3
  jbuilder (2.14.1) sha256=4eb26376ff60ef100cb4fd6fd7533cd271f9998327e86adf20fd8c0e69fabb42
  json (2.17.1) sha256=e0e4824541336a44915436f53e7ea74c687314fb8f88080fa1456f6a34ead92e
  jwt (2.10.2) sha256=31e1ee46f7359883d5e622446969fe9c118c3da87a0b1dca765ce269c3a0c4f4
  jwt_sessions (3.2.4) sha256=d0814cc2d8cd5e6ff4461f32311c3a1004d4297f33b188bbd2eac426e8e73e55
  karo (2.3.0) sha256=653978d177cff20a213ccd1c738b8b159503df085c4221c5ccdbb1eab420c85f
  kramdown (2.5.1) sha256=87bbb6abd9d3cebe4fc1f33e367c392b4500e6f8fa19dd61c0972cf4afe7368c
  kramdown-parser-gfm (1.1.0) sha256=fb39745516427d2988543bf01fc4cf0ab1149476382393e0e9c48592f6581729
  language_server-protocol (3.17.0.5) sha256=fd1e39a51a28bf3eec959379985a72e296e9f9acfce46f6a79d31ca8760803cc
  launchy (3.1.1) sha256=72b847b5cc961589dde2c395af0108c86ff0119f42d4648d25b5440ebb10059e
  lint_roller (1.1.0) sha256=2c0c845b632a7d172cb849cc90c1bce937a28c5c8ccccb50dfd46a485003cc87
  listen (3.9.0) sha256=db9e4424e0e5834480385197c139cb6b0ae0ef28cc13310cfd1ca78377d59c67
  logger (1.7.0) sha256=196edec7cc44b66cfb40f9755ce11b392f21f7967696af15d274dde7edff0203
  lograge (0.14.0) sha256=42371a75823775f166f727639f5ddce73dd149452a55fc94b90c303213dc9ae1
  loofah (2.24.1) sha256=655a30842b70ec476410b347ab1cd2a5b92da46a19044357bbd9f401b009a337
  lookbook (2.3.13) sha256=acfa04a1ba7a87b057c222d78a2d72763546f52549e97590993344c8373f6d21
  mail (2.9.0) sha256=6fa6673ecd71c60c2d996260f9ee3dd387d4673b8169b502134659ece6d34941
  main (6.4.0) sha256=6e7973576414987099726337d07cec3ed427a44fafaf5f9156417a78191d7e97
  map (6.6.0) sha256=153a6f384515b14085805f5839d318f9d3c9dab676f341340fa4300150373cbc
  marcel (1.1.0) sha256=fdcfcfa33cc52e93c4308d40e4090a5d4ea279e160a7f6af988260fa970e0bee
  matrix (0.4.3) sha256=a0d5ab7ddcc1973ff690ab361b67f359acbb16958d1dc072b8b956a286564c5b
  mime-types (1.25.1) sha256=88ef3c596481678710ffd4018fa40f1999b02d97babea39682ba7d5badd21f56
  mini_mime (1.1.5) sha256=8681b7e2e4215f2a159f9400b5816d85e9d8c6c6b491e96a12797e798f8bccef
  mini_portile2 (2.8.9) sha256=0cd7c7f824e010c072e33f68bc02d85a00aeb6fce05bb4819c03dfd3c140c289
  minitest (5.26.2) sha256=f021118a6185b9ba9f5af71f2ba103ad770c75afde9f2ab8da512677c550cde3
  msgpack (1.8.0) sha256=e64ce0212000d016809f5048b48eb3a65ffb169db22238fb4b72472fecb2d732
  multipart-post (2.4.1) sha256=9872d03a8e552020ca096adadbf5e3cb1cd1cdd6acd3c161136b8a5737cdb4a8
  mustermann (3.0.4) sha256=85fadcb6b3c6493a8b511b42426f904b7f27b282835502233dd154daab13aa22
  n_plus_one_control (0.7.2) sha256=52b48d7085ee164a45158c35ea89955a43ed06143e6dc90f79acd18c59ff2958
  nap (1.1.0) sha256=949691660f9d041d75be611bb2a8d2fd559c467537deac241f4097d9b5eea576
  net-http (0.8.0) sha256=df42c47ce9f9e95ad32a317c97c12f945bc1af365288837ea4ff259876ecb46d
  net-imap (0.5.12) sha256=cb8cd05bd353fcc19b6cbc530a9cb06b577a969ea10b7ddb0f37787f74be4444
  net-pop (0.1.2) sha256=848b4e982013c15b2f0382792268763b748cce91c9e91e36b0f27ed26420dff3
  net-protocol (0.2.2) sha256=aa73e0cba6a125369de9837b8d8ef82a61849360eba0521900e2c3713aa162a8
  net-smtp (0.5.1) sha256=ed96a0af63c524fceb4b29b0d352195c30d82dd916a42f03c62a3a70e5b70736
  next_rails (1.4.6) sha256=c47670f773fbd1729ca232068b1204b3802fbcd3156d3d7f7fef2078e3401570
  nio4r (2.7.5) sha256=6c90168e48fb5f8e768419c93abb94ba2b892a1d0602cb06eef16d8b7df1dca1
  nokogiri (1.18.10) sha256=d5cc0731008aa3b3a87b361203ea3d19b2069628cb55e46ac7d84a0445e69cc1
  nokogiri (1.18.10-aarch64-linux-gnu) sha256=7fb87235d729c74a2be635376d82b1d459230cc17c50300f8e4fcaabc6195344
  nokogiri (1.18.10-aarch64-linux-musl) sha256=7e74e58314297cc8a8f1b533f7212d1999dbe2639a9ee6d97b483ea2acc18944
  nokogiri (1.18.10-arm-linux-gnu) sha256=51f4f25ab5d5ba1012d6b16aad96b840a10b067b93f35af6a55a2c104a7ee322
  nokogiri (1.18.10-arm-linux-musl) sha256=1c6ea754e51cecc85c30ee8ab1e6aa4ce6b6e134d01717e9290e79374a9e00aa
  nokogiri (1.18.10-arm64-darwin) sha256=c2b0de30770f50b92c9323fa34a4e1cf5a0af322afcacd239cd66ee1c1b22c85
  nokogiri (1.18.10-x86_64-darwin) sha256=536e74bed6db2b5076769cab5e5f5af0cd1dccbbd75f1b3e1fa69d1f5c2d79e2
  nokogiri (1.18.10-x86_64-linux-gnu) sha256=ff5ba26ba2dbce5c04b9ea200777fd225061d7a3930548806f31db907e500f72
  nokogiri (1.18.10-x86_64-linux-musl) sha256=0651fccf8c2ebbc2475c8b1dfd7ccac3a0a6d09f8a41b72db8c21808cb483385
  octokit (10.0.0) sha256=82e99a539b7637b7e905e6d277bb0c1a4bed56735935cc33db6da7eae49a24e8
  oj (3.16.13) sha256=b114bcb83ef884f1736b3112108f77cf9ca90aa8111a775318cc5d7a6a1e0303
  open4 (1.3.4) sha256=a1df037310624ecc1ea1d81264b11c83e96d0c3c1c6043108d37d396dcd0f4b1
  orm_adapter (0.5.0) sha256=aa5d0be5d540cbb46d3a93e88061f4ece6a25f6e97d6a47122beb84fe595e9b9
  ostruct (0.6.3) sha256=95a2ed4a4bd1d190784e666b47b2d3f078e4a9efda2fccf18f84ddc6538ed912
  panko_serializer (0.8.4) sha256=091c189a2b03709e5fc21dec78afbbc118f46bd699ba2f43910ab58ba0e0579d
  parallel (1.27.0) sha256=4ac151e1806b755fb4e2dc2332cbf0e54f2e24ba821ff2d3dcf86bf6dc4ae130
  parser (3.3.10.0) sha256=ce3587fa5cc55a88c4ba5b2b37621b3329aadf5728f9eafa36bbd121462aabd6
  password_blocklist (0.5.0) sha256=8904e381b8f6bb2552da36bd74f2bdcedcb942d773d1b9f9aa214f518b729265
  pastel (0.8.0) sha256=481da9fb7d2f6e6b1a08faf11fa10363172dc40fd47848f096ae21209f805a75
  path_expander (1.1.3) sha256=bea16440dea5a770b9765312c8037931cc576f4f2872d71133a3e480028f9f67
  posix-spawn (0.3.15) sha256=a2e0109bf9b9e041e74359aba9d6e9e92c1122cbdb15f6e9779d61aab606ab32
  pp (0.6.3) sha256=2951d514450b93ccfeb1df7d021cae0da16e0a7f95ee1e2273719669d0ab9df6
  premailer (1.27.0) sha256=0fe2348cd82738855c482b31c915a06ecb1d3ad004578c19042905196ddbd1e7
  premailer-rails (1.12.0) sha256=c13815d161b9bc7f7d3d81396b0bb0a61a90fa9bd89931548bf4e537c7710400
  prettyprint (0.2.0) sha256=2bc9e15581a94742064a3cc8b0fb9d45aae3d03a1baa6ef80922627a0766f193
  prism (1.6.0) sha256=bfc0281a81718c4872346bc858dc84abd3a60cae78336c65ad35c8fbff641c6b
  process_executer (1.3.0) sha256=3b01a22d27e13204598d8f73118b5b1c3b59576969724a380b712a72edd5546f
  pstore (0.2.0) sha256=d6e5c7e8e22392235e88bbe82959059ba768a797b5bd0ebf5ac80a3311ce74a8
  psych (5.2.6) sha256=814328aa5dcb6d604d32126a20bc1cbcf05521a5b49dbb1a8b30a07e580f316e
  public_suffix (7.0.0) sha256=f7090b5beb0e56f9f10d79eed4d5fbe551b3b425da65877e075dad47a6a1b095
  puma (7.1.0) sha256=e45c10cb124f224d448c98db653a75499794edbecadc440ad616cf50f2fd49dd
  pwned (2.4.1) sha256=e375b45e1cd78aded2c923737f75e09e64bc66582142c144bd85f4ce1fa0955d
  raabro (1.4.0) sha256=d4fa9ff5172391edb92b242eed8be802d1934b1464061ae5e70d80962c5da882
  racc (1.8.1) sha256=4a7f6929691dbec8b5209a0b373bc2614882b55fc5d2e447a21aaa691303d62f
  rack (3.2.4) sha256=5d74b6f75082a643f43c1e76b419c40f0e5527fcfee1e669ac1e6b73c0ccb6f6
  rack-livereload (0.5.1) sha256=8ac16592b74d6c198611626d0369827f95a28de663874f7c960d0e630d278c3f
  rack-mini-profiler (4.0.1) sha256=485810c23211f908196c896ea10cad72ed68780ee2998bec1f1dfd7558263d78
  rack-protection (4.2.1) sha256=cf6e2842df8c55f5e4d1a4be015e603e19e9bc3a7178bae58949ccbb58558bac
  rack-session (2.1.1) sha256=0b6dc07dea7e4b583f58a48e8b806d4c9f1c6c9214ebc202ec94562cbea2e4e9
  rack-test (2.2.0) sha256=005a36692c306ac0b4a9350355ee080fd09ddef1148a5f8b2ac636c720f5c463
  rackup (2.3.1) sha256=6c79c26753778e90983761d677a48937ee3192b3ffef6bc963c0950f94688868
  rails (8.1.1) sha256=877509b7aef309239978685883097d2c03e21383a50a3f78882cf9b3b5c136f7
  rails-dom-testing (2.3.0) sha256=8acc7953a7b911ca44588bf08737bc16719f431a1cc3091a292bca7317925c1d
  rails-html-sanitizer (1.6.2) sha256=35fce2ca8242da8775c83b6ba9c1bcaad6751d9eb73c1abaa8403475ab89a560
  railties (8.1.1) sha256=fb0c7038b147bea41bf6697fa443ff1c5c47d3bb1eedd9ecf1bceeb90efcb868
  rainbow (3.1.1) sha256=039491aa3a89f42efa1d6dec2fc4e62ede96eb6acd95e52f1ad581182b79bc6a
  rake (13.3.1) sha256=8c9e89d09f66a26a01264e7e3480ec0607f0c497a861ef16063604b1b08eb19c
  rb-fsevent (0.11.2) sha256=43900b972e7301d6570f64b850a5aa67833ee7d87b458ee92805d56b7318aefe
  rb-inotify (0.11.1) sha256=a0a700441239b0ff18eb65e3866236cd78613d6b9f78fea1f9ac47a85e47be6e
  rchardet (1.10.0) sha256=d5ea2ed61a720a220f1914778208e718a0c7ed2a484b6d357ba695aa7001390f
  rdoc (6.17.0) sha256=0f50d4e568fc98195f9bb155a9e8dff6c7feabfb515fb22ef6df1d12ad5a02b7
  redcarpet (3.6.1) sha256=d444910e6aa55480c6bcdc0cdb057626e8a32c054c29e793fa642ba2f155f445
  redis (5.4.1) sha256=b5e675b57ad22b15c9bcc765d5ac26f60b675408af916d31527af9bd5a81faae
  redis-classy (2.4.1) sha256=39b02cfd10144f44b6a3c0e10f2dea560fc5c61b902fdf336706f1a7afaa01b4
  redis-client (0.26.2) sha256=1336fb5a7202d398b719531853c184b7c9cbdcace1f00f8356062b9dfba6779b
  redis-mutex (4.0.2) sha256=28b3de1472edf1b24938b392ef5ad1e23261371169001ce7598a75075a555245
  redis-namespace (1.11.0) sha256=e91a1aa2b2d888b6dea1d4ab8d39e1ae6fac3426161feb9d91dd5cca598a2239
  redlock (2.0.6) sha256=de262f7d7c78112435b6b356766b7733e05c452f25cf66c23b0eec1dc2893dde
  regexp_parser (2.11.3) sha256=ca13f381a173b7a93450e53459075c9b76a10433caadcb2f1180f2c741fc55a4
  reline (0.6.3) sha256=1198b04973565b36ec0f11542ab3f5cfeeec34823f4e54cebde90968092b1835
  request_store (1.7.0) sha256=e1b75d5346a315f452242a68c937ef8e48b215b9453a77a6c0acdca2934c88cb
  responders (3.2.0) sha256=89c2d6ac0ae16f6458a11524cae4a8efdceba1a3baea164d28ee9046bd3df55a
  retriable (3.1.2) sha256=0a5a5d0ca4ba61a76fb31a17ab8f7f80281beb040c329d34dfc137a1398688e0
  rexml (3.4.4) sha256=19e0a2c3425dfbf2d4fc1189747bdb2f849b6c5e74180401b15734bc97b5d142
  roda (3.98.0) sha256=c1147d42322305168df91f9a13b7dcadf4b1fe7171fb9598ca444e7618362428
  rodauth (2.41.0) sha256=235ee0e72d9506e484c80e2ef1db4e667a3314dac444fc8311e368f5e4bf5119
  rouge (4.6.1) sha256=5075346d5797d6864be93f7adc75a16047a7dbfa572c63c502419ffa582c77de
  rspec-core (3.13.6) sha256=a8823c6411667b60a8bca135364351dda34cd55e44ff94c4be4633b37d828b2d
  rspec-support (3.13.6) sha256=2e8de3702427eab064c9352fe74488cc12a1bfae887ad8b91cba480ec9f8afb2
  rubocop (1.81.7) sha256=6fb5cc298c731691e2a414fe0041a13eb1beed7bab23aec131da1bcc527af094
  rubocop-ast (1.48.0) sha256=22df9bbf3f7a6eccde0fad54e68547ae1e2a704bf8719e7c83813a99c05d2e76
  rubocop-performance (1.25.0) sha256=6f7d03568a770054117a78d0a8e191cefeffb703b382871ca7743831b1a52ec1
  rubocop-rails (2.34.2) sha256=10ff246ee48b25ffeabddc5fee86d159d690bb3c7b9105755a9c7508a11d6e22
  rubocop-rspec (3.8.0) sha256=28440dccb3f223a9938ca1f946bd3438275b8c6c156dab909e2cb8bc424cab33
  ruby-next-core (1.1.2) sha256=1b095fe2e45929f2581b3ecdb8d92b601ce4d72c12a466057c10e23b6f0c4512
  ruby-progressbar (1.13.0) sha256=80fc9c47a9b640d6834e0dc7b3c94c9df37f08cb072b7761e4a71e22cff29b33
  ruby2_keywords (0.0.5) sha256=ffd13740c573b7301cf7a2e61fc857b2a8e3d3aff32545d6f8300d8bae10e3ef
  ruby_audit (3.0.0) sha256=e456b31bdad006de56c2479cda74eaa1515578e052b84c85667856a44ec51ad7
  ruby_parser (3.21.1) sha256=9d931abe5aec287d65280f811d3cf672564956ef1bd49f528ca48479984d6fec
  rubyzip (3.2.2) sha256=c0ed99385f0625415c8f05bcae33fe649ed2952894a95ff8b08f26ca57ea5b3c
  rufus-scheduler (3.9.2) sha256=55fa9e4db0ff69d7f38c804f17baba0c9bce5cba39984ae3c5cf6c039d1323b9
  sassc (2.4.0) sha256=4c60a2b0a3b36685c83b80d5789401c2f678c1652e3288315a1551d811d9f83e
  sassc-rails (2.1.2) sha256=5f4fdf3881fc9bdc8e856ffbd9850d70a2878866feae8114aa45996179952db5
  sawyer (0.9.3) sha256=0d0f19298408047037638639fe62f4794483fb04320269169bd41af2bdcf5e41
  scenic (1.9.0) sha256=6eec3aa049ba2a137e7eb0b4c4f0200b77f7765fc82e08ad44c01da7905563d9
  schked (1.3.1) sha256=dfbd16c7a9833c3d482763ee161cc15f90875cf99d20a49e73e9e0cc9cae5c24
  securerandom (0.4.1) sha256=cc5193d414a4341b6e225f0cb4446aceca8e50d5e1888743fac16987638ea0b1
  selenium-webdriver (4.39.0) sha256=984a1e63d39472eaf286bac3c6f1822fa7eea6eed9c07a66ce7b3bc5417ba826
  sequel (5.99.0) sha256=a4613a1961a47a0eb6acdcc0351fe819bf24876a88fc06172a9cee5db370ea42
  sexp_processor (4.17.4) sha256=af0d2a40124b00f7bc1315d220471990403bd4cf9138f289417ae4e54e6e1ad0
  sidekiq (8.0.10) sha256=37ccd8da8d46f6779b8655cb30c1bfcb0decd57e890ff56d8b8252a5d9a84cd6
  sidekiq-grouping (1.3.0) sha256=23a4b75d510225bff60430a1816de0aa7986971bc5d7f7dccf0e683182498980
  sidekiq-limit_fetch (4.4.1) sha256=7d242fb5d1db89c4f14ca9bb445718cf548280ecdd3814eaef5d601d94fa8b27
  simplecov (0.22.0) sha256=fe2622c7834ff23b98066bb0a854284b2729a569ac659f82621fc22ef36213a5
  simplecov-html (0.13.2) sha256=bd0b8e54e7c2d7685927e8d6286466359b6f16b18cb0df47b508e8d73c777246
  simplecov_json_formatter (0.1.4) sha256=529418fbe8de1713ac2b2d612aa3daa56d316975d307244399fa4838c601b428
  sinatra (4.2.1) sha256=b7aeb9b11d046b552972ade834f1f9be98b185fa8444480688e3627625377080
  site_prism (5.1) sha256=3e53d28962f2bd1d60ec492852ed1598490513fd763ec5c3210afb617972ed23
  site_prism-all_there (3.0.7) sha256=87b344fba06ddd8a21569b66558ab549226991b3c5a5076bfd2561950c5e6473
  slim (5.2.1) sha256=72351dff7e2ff20e2d5c393cfc385bb9142cef5db059141628fd7163ac3c13e7
  sniffer (0.5.0) sha256=cd040cc51929c04749b20baa4dd8f5985174210e13437491f4923b8de27e1359
  spektr (0.4.1) sha256=ac340572e28144c8732d3d8fe28690173c6be49b9bdc18ce9fa010f0992a9ab2
  spring (4.4.0) sha256=ec4e6cf5fb48d96b9ec9a80ebb40f962f2467b651c000693f33c14b6d6c340af
  sprockets (4.2.2) sha256=761e5a49f1c288704763f73139763564c845a8f856d52fba013458f8af1b59b1
  sprockets-rails (3.5.2) sha256=a9e88e6ce9f8c912d349aa5401509165ec42326baf9e942a85de4b76dbc4119e
  sqlite3 (2.8.1) sha256=acd0ac7912a4d92b2484b5befb6faa8d496497eb1e38bdbe8d7818fb8d05d726
  sqlite3 (2.8.1-aarch64-linux-gnu) sha256=9bce166d3e3595a42fc92c28d986ea11d499b55be8bd1cd491be04af30029543
  sqlite3 (2.8.1-aarch64-linux-musl) sha256=34912f6acf3e9c43c7998c6f99ba3146708e654cf9716b2983e260315cdeed72
  sqlite3 (2.8.1-arm-linux-gnu) sha256=9118d6abb5ca7ea4f1b50a6c42c763e612670f5eb673bbdf12e8d3bd63339bde
  sqlite3 (2.8.1-arm-linux-musl) sha256=48a50815521f812713310190589a8ae196fa48b70b62b72f5766bafebae77e33
  sqlite3 (2.8.1-arm64-darwin) sha256=3cb617640577ec9c1b7c09744d1e368ad3d3851c2494540f5f007387da943477
  sqlite3 (2.8.1-x86_64-darwin) sha256=0028f5dd0b7a1ee6f1dadf31fc632abf7d815cb0baa0606549634fa45578f92e
  sqlite3 (2.8.1-x86_64-linux-gnu) sha256=878f4a0c5c2c4d9d4345afe2a142a87805f388a24aa8a3c2dfe2f964d7686b7a
  sqlite3 (2.8.1-x86_64-linux-musl) sha256=0c191ddfd71437b439e107a0d148630bef29a1eebd7b28bcc931470c328f657d
  stackprof (0.2.27) sha256=aff6d28656c852e74cf632cc2046f849033dc1dedffe7cb8c030d61b5745e80c
  standard (1.52.0) sha256=ec050e63228e31fabe40da3ef96da7edda476f7acdf3e7c2ad47b6e153f6a076
  standard-custom (1.0.2) sha256=424adc84179a074f1a2a309bb9cf7cd6bfdb2b6541f20c6bf9436c0ba22a652b
  standard-performance (1.8.0) sha256=ed17b7d0e061b2a19a91dd434bef629439e2f32310f22f26acb451addc92b788
  store_attribute (2.0.1) sha256=643655e4800655b58379e8b01bd524f5586093a9d88698483ac8762cda25b5ab
  store_model (4.3.0) sha256=de3aa1fdebf115922ff95fa4c2db38fb756a6c05d4996699362f7ded3e2569e2
  stringio (3.1.9) sha256=c111af13d3a73eab96a3bc2655ecf93788d13d28cb8e25c1dcbff89ace885121
  strings (0.2.1) sha256=933293b3c95cf85b81eb44b3cf673e3087661ba739bbadfeadf442083158d6fb
  strings-ansi (0.2.0) sha256=90262d760ea4a94cc2ae8d58205277a343409c288cbe7c29416b1826bd511c88
  strong_migrations (2.5.1) sha256=8bca3a9b491ec20cf1961c18050c16ac67d8b8f4e3a7c2ccf652b79638859426
  strong_password (0.0.10) sha256=3986d80cfba87467481085cf79d8d08b62e7beb39da74a7e759d987327f15486
  temple (0.10.4) sha256=b7a1e94b6f09038ab0b6e4fe0126996055da2c38bec53a8a336f075748fff72c
  terminal-table (4.0.0) sha256=f504793203f8251b2ea7c7068333053f0beeea26093ec9962e62ea79f94301d2
  terser (1.2.6) sha256=6ddf00b93df7015b07e2b9b149e74cd70fa7aa4f0f89a15d9922a6ebd13f37ab
  thor (1.4.0) sha256=8763e822ccb0f1d7bee88cde131b19a65606657b847cc7b7b4b82e772bcd8a3d
  tilt (2.6.1) sha256=35a99bba2adf7c1e362f5b48f9b581cce4edfba98117e34696dde6d308d84770
  timeout (0.5.0) sha256=852aefd13f41d84c2d0d83099b275034c6517395884b58e635acc8847c9190cb
  tsort (0.2.0) sha256=9650a793f6859a43b6641671278f79cfead60ac714148aabe4e3f0060480089f
  tty-color (0.6.0) sha256=6f9c37ca3a4e2367fb2e6d09722762647d6f455c111f05b59f35730eeb24332a
  tty-cursor (0.7.1) sha256=79534185e6a777888d88628b14b6a1fdf5154a603f285f80b1753e1908e0bf48
  tty-option (0.3.0) sha256=5a6e329d69ab35dace5fe046aa30d94bf27d6934f01e5cdb79caa1cc16c93105
  tty-screen (0.8.2) sha256=c090652115beae764336c28802d633f204fb84da93c6a968aa5d8e319e819b50
  tty-spinner (0.9.3) sha256=0e036f047b4ffb61f2aa45f5a770ec00b4d04130531558a94bfc5b192b570542
  tty-table (0.12.0) sha256=fdc27a4750835c1a16efe19a0b857e3ced3652cc7aceafe6dca94908965b9939
  turbo-rails (2.0.20) sha256=cbcbb4dd3ce59f6471c9f911b1655b2c721998cc8303959d982da347f374ea95
  turbolinks (5.2.1) sha256=5fea5889c4e2a78a5bd9abda3860c565342b50c6e2593697d5558a08e15cce9c
  turbolinks-source (5.2.0) sha256=362a41fa851a22b0f15cf8f944b6c7c5788f645dc1f61ae25478bb25c3bc85d4
  tzinfo (2.0.6) sha256=8daf828cc77bcf7d63b0e3bdb6caa47e2272dcfaf4fbfe46f8c3a9df087a829b
  unicode-display_width (2.6.0) sha256=12279874bba6d5e4d2728cef814b19197dbb10d7a7837a869bab65da943b7f5a
  unicode_utils (1.4.0) sha256=b922d0cf2313b6b7136ada6645ce7154ffc86418ca07d53b058efe9eb72f2a40
  uri (1.1.1) sha256=379fa58d27ffb1387eaada68c749d1426738bd0f654d812fcc07e7568f5c57c6
  useragent (0.16.11) sha256=700e6413ad4bb954bb63547fa098dddf7b0ebe75b40cc6f93b8d54255b173844
  vcr (6.3.1) sha256=37b56e157e720446a3f4d2d39919cabef8cb7b6c45936acffd2ef8229fec03ed
  view_component (4.1.1) sha256=179f63b0db1d1a8f6af635dd684456b2bcdf6b6f4da2ef276bbe0579c17b377e
  view_component-contrib (0.2.5) sha256=4a6baee5abf2a317ba333a3cdd032bcd13b0f4cbdc57628ca3c8866f159e5f8e
  warden (1.2.9) sha256=46684f885d35a69dbb883deabf85a222c8e427a957804719e143005df7a1efd0
  web-console (4.2.1) sha256=e7bcf37a10ea2b4ec4281649d1cee461b32232d0a447e82c786e6841fd22fe20
  webmock (3.26.1) sha256=4f696fb57c90a827c20aadb2d4f9058bbff10f7f043bd0d4c3f58791143b1cd7
  webrick (1.9.2) sha256=beb4a15fc474defed24a3bda4ffd88a490d517c9e4e6118c3edce59e45864131
  websocket (1.2.11) sha256=b7e7a74e2410b5e85c25858b26b3322f29161e300935f70a0e0d3c35e0462737
  websocket-driver (0.8.0) sha256=ed0dba4b943c22f17f9a734817e808bc84cdce6a7e22045f5315aa57676d4962
  websocket-extensions (0.1.5) sha256=1c6ba63092cda343eb53fc657110c71c754c56484aad42578495227d717a8241
  with_model (2.2.0) sha256=eb0f498752391917e8c0a990951a343756bb89df2d12190faa5915a3fd99277e
  xpath (3.2.0) sha256=6dfda79d91bb3b949b947ecc5919f042ef2f399b904013eb3ef6d20dd3a4082e
  yabeda (0.14.0) sha256=bc517bf22d692ebd80a29fc9fd2246c257aaf92d10b2735a775e2419351a43bf
  yabeda-puma-plugin (0.9.0) sha256=b78673ecc7ee30bc50691ddc41b7022c1c1801843900d5101418f4a14b550bc8
  yabeda-sidekiq (0.12.0) sha256=04a7e281b16a56122f3a2ed377d03e3d69c37ecac0e62f0b0a808a3c58cf5d90
  yard (0.9.38) sha256=721fb82afb10532aa49860655f6cc2eaa7130889df291b052e1e6b268283010f
  zeitwerk (2.7.3) sha256=b2e86b4a9b57d26ba68a15230dcc7fe6f040f06831ce64417b0621ad96ba3e85
  zonebie (0.6.1) sha256=2762da3b5392a6a81d58ab13ae497c93e1dbdbd0c70bd8b4a9397f827be35e69

BUNDLED WITH
  4.0.0
